
Microsoft Visual Studio Solution File, Format Version 12.00
# Visual Studio Version 17
VisualStudioVersion = 17.3.32922.545
MinimumVisualStudioVersion = 10.0.40219.1
Project("{9A19103F-16F7-4668-BE54-9A1E7A4F7556}") = "01.Burger bus", "fund_mid_exam\01.Burger bus.csproj", "{C0DCC43E-8E07-494C-ADBC-F4BDB28615E6}"
EndProject
Project("{9A19103F-16F7-4668-BE54-9A1E7A4F7556}") = "02.Space Travel", "02.Space Travel\02.Space Travel.csproj", "{02B528AE-3653-4144-8A37-4C71BA5F7422}"
EndProject
Project("{9A19103F-16F7-4668-BE54-9A1E7A4F7556}") = "03.Angry Cat", "30.Angry Cat\03.Angry Cat.csproj", "{E0F380F7-7822-41B4-B3A6-07212071E967}"
EndProject
Global
	GlobalSection(SolutionConfigurationPlatforms) = preSolution
		Debug|Any CPU = Debug|Any CPU
		Release|Any CPU = Release|Any CPU
	EndGlobalSection
	GlobalSection(ProjectConfigurationPlatforms) = postSolution
		{C0DCC43E-8E07-494C-ADBC-F4BDB28615E6}.Debug|Any CPU.ActiveCfg = Debug|Any CPU
		{C0DCC43E-8E07-494C-ADBC-F4BDB28615E6}.Debug|Any CPU.Build.0 = Debug|Any CPU
		{C0DCC43E-8E07-494C-ADBC-F4BDB28615E6}.Release|Any CPU.ActiveCfg = Release|Any CPU
		{C0DCC43E-8E07-494C-ADBC-F4BDB28615E6}.Release|Any CPU.Build.0 = Release|Any CPU
		{02B528AE-3653-4144-8A37-4C71BA5F7422}.Debug|Any CPU.ActiveCfg = Debug|Any CPU
		{02B528AE-3653-4144-8A37-4C71BA5F7422}.Debug|Any CPU.Build.0 = Debug|Any CPU
		{02B528AE-3653-4144-8A37-4C71BA5F7422}.Release|Any CPU.ActiveCfg = Release|Any CPU
		{02B528AE-3653-4144-8A37-4C71BA5F7422}.Release|Any CPU.Build.0 = Release|Any CPU
		{E0F380F7-7822-41B4-B3A6-07212071E967}.Debug|Any CPU.ActiveCfg = Debug|Any CPU
		{E0F380F7-7822-41B4-B3A6-07212071E967}.Debug|Any CPU.Build.0 = Debug|Any CPU
		{E0F380F7-7822-41B4-B3A6-07212071E967}.Release|Any CPU.ActiveCfg = Release|Any CPU
		{E0F380F7-7822-41B4-B3A6-07212071E967}.Release|Any CPU.Build.0 = Release|Any CPU
	EndGlobalSection
	GlobalSection(SolutionProperties) = preSolution
		HideSolutionNode = FALSE
	EndGlobalSection
	GlobalSection(ExtensibilityGlobals) = postSolution
		SolutionGuid = {CB836457-1EEC-448F-AF09-D3DB7179BD40}
	EndGlobalSection
EndGlobal
