
Microsoft Visual Studio Solution File, Format Version 12.00
# Visual Studio Version 17
VisualStudioVersion = 17.3.32922.545
MinimumVisualStudioVersion = 10.0.40219.1
Project("{9A19103F-16F7-4668-BE54-9A1E7A4F7556}") = "Problem 1 - The Imitation Game", "Problem 1 - The Imitation Game\Problem 1 - The Imitation Game.csproj", "{C3A1597A-E451-4898-882C-9E6036CF940D}"
EndProject
Project("{9A19103F-16F7-4668-BE54-9A1E7A4F7556}") = "Problem 2 - Ad Astra", "Problem 2 - Ad Astra\Problem 2 - Ad Astra.csproj", "{02D1B1D2-D036-4030-8718-8C38EB7C6705}"
EndProject
Project("{FAE04EC0-301F-11D3-BF4B-00C04F79EFBC}") = "Problem 3 - The Pianist", "Problem 3 - The Pianist\Problem 3 - The Pianist.csproj", "{E1FB54B3-40EB-4800-8F2C-83B53CA3ACD3}"
EndProject
Global
	GlobalSection(SolutionConfigurationPlatforms) = preSolution
		Debug|Any CPU = Debug|Any CPU
		Release|Any CPU = Release|Any CPU
	EndGlobalSection
	GlobalSection(ProjectConfigurationPlatforms) = postSolution
		{C3A1597A-E451-4898-882C-9E6036CF940D}.Debug|Any CPU.ActiveCfg = Debug|Any CPU
		{C3A1597A-E451-4898-882C-9E6036CF940D}.Debug|Any CPU.Build.0 = Debug|Any CPU
		{C3A1597A-E451-4898-882C-9E6036CF940D}.Release|Any CPU.ActiveCfg = Release|Any CPU
		{C3A1597A-E451-4898-882C-9E6036CF940D}.Release|Any CPU.Build.0 = Release|Any CPU
		{02D1B1D2-D036-4030-8718-8C38EB7C6705}.Debug|Any CPU.ActiveCfg = Debug|Any CPU
		{02D1B1D2-D036-4030-8718-8C38EB7C6705}.Debug|Any CPU.Build.0 = Debug|Any CPU
		{02D1B1D2-D036-4030-8718-8C38EB7C6705}.Release|Any CPU.ActiveCfg = Release|Any CPU
		{02D1B1D2-D036-4030-8718-8C38EB7C6705}.Release|Any CPU.Build.0 = Release|Any CPU
		{E1FB54B3-40EB-4800-8F2C-83B53CA3ACD3}.Debug|Any CPU.ActiveCfg = Debug|Any CPU
		{E1FB54B3-40EB-4800-8F2C-83B53CA3ACD3}.Debug|Any CPU.Build.0 = Debug|Any CPU
		{E1FB54B3-40EB-4800-8F2C-83B53CA3ACD3}.Release|Any CPU.ActiveCfg = Release|Any CPU
		{E1FB54B3-40EB-4800-8F2C-83B53CA3ACD3}.Release|Any CPU.Build.0 = Release|Any CPU
	EndGlobalSection
	GlobalSection(SolutionProperties) = preSolution
		HideSolutionNode = FALSE
	EndGlobalSection
	GlobalSection(ExtensibilityGlobals) = postSolution
		SolutionGuid = {7EDC170A-B89A-44C1-B372-4C58ED81766C}
	EndGlobalSection
EndGlobal
