
Microsoft Visual Studio Solution File, Format Version 12.00
# Visual Studio Version 17
VisualStudioVersion = 17.3.32922.545
MinimumVisualStudioVersion = 10.0.40219.1
Project("{FAE04EC0-301F-11D3-BF4B-00C04F79EFBC}") = "01. Train", "01. Train\01. Train.csproj", "{318F9C00-C5E2-4DD7-84D7-22352E7BB0CD}"
EndProject
Project("{FAE04EC0-301F-11D3-BF4B-00C04F79EFBC}") = "02. Change List", "02. Change List\02. Change List.csproj", "{A9A60375-F3E9-4334-B196-42CE370AC9C2}"
EndProject
Project("{FAE04EC0-301F-11D3-BF4B-00C04F79EFBC}") = "03. House Party", "03. House Party\03. House Party.csproj", "{5D74BA7E-D18B-4196-B217-6F0302C366E1}"
EndProject
Project("{FAE04EC0-301F-11D3-BF4B-00C04F79EFBC}") = "04. List Operations", "04. List Operations\04. List Operations.csproj", "{D4F58AC2-E32F-4059-ACC3-3033F9CFC504}"
EndProject
Project("{FAE04EC0-301F-11D3-BF4B-00C04F79EFBC}") = "05. Bomb Numbers", "05. Bomb Numbers\05. Bomb Numbers.csproj", "{07A9C8B7-5DED-4EC8-B619-804F83DFDA9B}"
EndProject
Project("{FAE04EC0-301F-11D3-BF4B-00C04F79EFBC}") = "06. Cards Game", "06. Cards Game\06. Cards Game.csproj", "{46A56C6B-19F7-4BDA-8FC4-66F0E5EF6F7D}"
EndProject
Global
	GlobalSection(SolutionConfigurationPlatforms) = preSolution
		Debug|Any CPU = Debug|Any CPU
		Release|Any CPU = Release|Any CPU
	EndGlobalSection
	GlobalSection(ProjectConfigurationPlatforms) = postSolution
		{318F9C00-C5E2-4DD7-84D7-22352E7BB0CD}.Debug|Any CPU.ActiveCfg = Debug|Any CPU
		{318F9C00-C5E2-4DD7-84D7-22352E7BB0CD}.Debug|Any CPU.Build.0 = Debug|Any CPU
		{318F9C00-C5E2-4DD7-84D7-22352E7BB0CD}.Release|Any CPU.ActiveCfg = Release|Any CPU
		{318F9C00-C5E2-4DD7-84D7-22352E7BB0CD}.Release|Any CPU.Build.0 = Release|Any CPU
		{A9A60375-F3E9-4334-B196-42CE370AC9C2}.Debug|Any CPU.ActiveCfg = Debug|Any CPU
		{A9A60375-F3E9-4334-B196-42CE370AC9C2}.Debug|Any CPU.Build.0 = Debug|Any CPU
		{A9A60375-F3E9-4334-B196-42CE370AC9C2}.Release|Any CPU.ActiveCfg = Release|Any CPU
		{A9A60375-F3E9-4334-B196-42CE370AC9C2}.Release|Any CPU.Build.0 = Release|Any CPU
		{5D74BA7E-D18B-4196-B217-6F0302C366E1}.Debug|Any CPU.ActiveCfg = Debug|Any CPU
		{5D74BA7E-D18B-4196-B217-6F0302C366E1}.Debug|Any CPU.Build.0 = Debug|Any CPU
		{5D74BA7E-D18B-4196-B217-6F0302C366E1}.Release|Any CPU.ActiveCfg = Release|Any CPU
		{5D74BA7E-D18B-4196-B217-6F0302C366E1}.Release|Any CPU.Build.0 = Release|Any CPU
		{D4F58AC2-E32F-4059-ACC3-3033F9CFC504}.Debug|Any CPU.ActiveCfg = Debug|Any CPU
		{D4F58AC2-E32F-4059-ACC3-3033F9CFC504}.Debug|Any CPU.Build.0 = Debug|Any CPU
		{D4F58AC2-E32F-4059-ACC3-3033F9CFC504}.Release|Any CPU.ActiveCfg = Release|Any CPU
		{D4F58AC2-E32F-4059-ACC3-3033F9CFC504}.Release|Any CPU.Build.0 = Release|Any CPU
		{07A9C8B7-5DED-4EC8-B619-804F83DFDA9B}.Debug|Any CPU.ActiveCfg = Debug|Any CPU
		{07A9C8B7-5DED-4EC8-B619-804F83DFDA9B}.Debug|Any CPU.Build.0 = Debug|Any CPU
		{07A9C8B7-5DED-4EC8-B619-804F83DFDA9B}.Release|Any CPU.ActiveCfg = Release|Any CPU
		{07A9C8B7-5DED-4EC8-B619-804F83DFDA9B}.Release|Any CPU.Build.0 = Release|Any CPU
		{46A56C6B-19F7-4BDA-8FC4-66F0E5EF6F7D}.Debug|Any CPU.ActiveCfg = Debug|Any CPU
		{46A56C6B-19F7-4BDA-8FC4-66F0E5EF6F7D}.Debug|Any CPU.Build.0 = Debug|Any CPU
		{46A56C6B-19F7-4BDA-8FC4-66F0E5EF6F7D}.Release|Any CPU.ActiveCfg = Release|Any CPU
		{46A56C6B-19F7-4BDA-8FC4-66F0E5EF6F7D}.Release|Any CPU.Build.0 = Release|Any CPU
	EndGlobalSection
	GlobalSection(SolutionProperties) = preSolution
		HideSolutionNode = FALSE
	EndGlobalSection
	GlobalSection(ExtensibilityGlobals) = postSolution
		SolutionGuid = {5AE2D9CE-0504-4F3B-A39E-B990F1EFEE6A}
	EndGlobalSection
EndGlobal
