
Microsoft Visual Studio Solution File, Format Version 12.00
# Visual Studio Version 17
VisualStudioVersion = 17.3.32922.545
MinimumVisualStudioVersion = 10.0.40219.1
Project("{9A19103F-16F7-4668-BE54-9A1E7A4F7556}") = "01. World Tour", "01. World Tour\01. World Tour.csproj", "{E81D1CAC-0F9F-453E-9172-CAF07899102D}"
EndProject
Project("{9A19103F-16F7-4668-BE54-9A1E7A4F7556}") = "02. Destination Mapper", "02. Destination Mapper\02. Destination Mapper.csproj", "{23B686F4-B64D-4BEF-9809-ACC1D2445F33}"
EndProject
Project("{FAE04EC0-301F-11D3-BF4B-00C04F79EFBC}") = "03. Plant Discovery", "03. Plant Discovery\03. Plant Discovery.csproj", "{E220FFB2-16C0-41AA-BB19-C2AC2CCF3F5C}"
EndProject
Global
	GlobalSection(SolutionConfigurationPlatforms) = preSolution
		Debug|Any CPU = Debug|Any CPU
		Release|Any CPU = Release|Any CPU
	EndGlobalSection
	GlobalSection(ProjectConfigurationPlatforms) = postSolution
		{E81D1CAC-0F9F-453E-9172-CAF07899102D}.Debug|Any CPU.ActiveCfg = Debug|Any CPU
		{E81D1CAC-0F9F-453E-9172-CAF07899102D}.Debug|Any CPU.Build.0 = Debug|Any CPU
		{E81D1CAC-0F9F-453E-9172-CAF07899102D}.Release|Any CPU.ActiveCfg = Release|Any CPU
		{E81D1CAC-0F9F-453E-9172-CAF07899102D}.Release|Any CPU.Build.0 = Release|Any CPU
		{23B686F4-B64D-4BEF-9809-ACC1D2445F33}.Debug|Any CPU.ActiveCfg = Debug|Any CPU
		{23B686F4-B64D-4BEF-9809-ACC1D2445F33}.Debug|Any CPU.Build.0 = Debug|Any CPU
		{23B686F4-B64D-4BEF-9809-ACC1D2445F33}.Release|Any CPU.ActiveCfg = Release|Any CPU
		{23B686F4-B64D-4BEF-9809-ACC1D2445F33}.Release|Any CPU.Build.0 = Release|Any CPU
		{E220FFB2-16C0-41AA-BB19-C2AC2CCF3F5C}.Debug|Any CPU.ActiveCfg = Debug|Any CPU
		{E220FFB2-16C0-41AA-BB19-C2AC2CCF3F5C}.Debug|Any CPU.Build.0 = Debug|Any CPU
		{E220FFB2-16C0-41AA-BB19-C2AC2CCF3F5C}.Release|Any CPU.ActiveCfg = Release|Any CPU
		{E220FFB2-16C0-41AA-BB19-C2AC2CCF3F5C}.Release|Any CPU.Build.0 = Release|Any CPU
	EndGlobalSection
	GlobalSection(SolutionProperties) = preSolution
		HideSolutionNode = FALSE
	EndGlobalSection
	GlobalSection(ExtensibilityGlobals) = postSolution
		SolutionGuid = {AE4B2017-1EA4-4C68-8477-A093667B7E75}
	EndGlobalSection
EndGlobal
