
Microsoft Visual Studio Solution File, Format Version 12.00
# Visual Studio Version 17
VisualStudioVersion = 17.3.32922.545
MinimumVisualStudioVersion = 10.0.40219.1
Project("{9A19103F-16F7-4668-BE54-9A1E7A4F7556}") = "01. Sign of Integer Numbers", "01. Sign of Integer Numbers\01. Sign of Integer Numbers.csproj", "{87FFC0FE-F279-4FEC-92C5-5CF2653FBD66}"
EndProject
Project("{9A19103F-16F7-4668-BE54-9A1E7A4F7556}") = "02. Grades", "02. Grades\02. Grades.csproj", "{05125AB4-4BC5-42B8-AE28-39B5FE395CBE}"
EndProject
Project("{9A19103F-16F7-4668-BE54-9A1E7A4F7556}") = "03. Calculations", "03. Calculations\03. Calculations.csproj", "{5F119B49-43B4-4B28-BC0C-33A5A96004EF}"
EndProject
Project("{9A19103F-16F7-4668-BE54-9A1E7A4F7556}") = "04. Printing Triangle", "04. Printing Triangle\04. Printing Triangle.csproj", "{73964AE5-0383-4E67-B85E-9A04D9C1CE2B}"
EndProject
Project("{9A19103F-16F7-4668-BE54-9A1E7A4F7556}") = "05. Orders", "05. Orders\05. Orders.csproj", "{B5465252-526D-4906-8679-7256D732C518}"
EndProject
Project("{9A19103F-16F7-4668-BE54-9A1E7A4F7556}") = "06. Calculate Rectangle Area", "06. Calculate Rectangle Area\06. Calculate Rectangle Area.csproj", "{8A3FE8C4-D1A4-4EC4-BF68-9FC6E18B6428}"
EndProject
Project("{9A19103F-16F7-4668-BE54-9A1E7A4F7556}") = "07. Repeat String", "07. Repeat String\07. Repeat String.csproj", "{4621713D-6492-4CB0-AD29-5056F5356868}"
EndProject
Project("{9A19103F-16F7-4668-BE54-9A1E7A4F7556}") = "08. Math Power", "08. Math Power\08. Math Power.csproj", "{53567E73-C52D-40E1-92C3-A5C56022765F}"
EndProject
Project("{9A19103F-16F7-4668-BE54-9A1E7A4F7556}") = "09. Greater of Two Values", "09. Greater of Two Values\09. Greater of Two Values.csproj", "{D23A5F41-0366-4898-A10B-4A04A98351D3}"
EndProject
Project("{FAE04EC0-301F-11D3-BF4B-00C04F79EFBC}") = "10. Multiply Evens by Odds", "10. Multiply Evens by Odds\10. Multiply Evens by Odds.csproj", "{60950668-0625-4588-BDE7-B3F8BF4C1162}"
EndProject
Project("{FAE04EC0-301F-11D3-BF4B-00C04F79EFBC}") = "11. Math operations", "11. Math operations\11. Math operations.csproj", "{24F6AEEC-EF4A-4026-B9E3-D742B58EE968}"
EndProject
Global
	GlobalSection(SolutionConfigurationPlatforms) = preSolution
		Debug|Any CPU = Debug|Any CPU
		Release|Any CPU = Release|Any CPU
	EndGlobalSection
	GlobalSection(ProjectConfigurationPlatforms) = postSolution
		{87FFC0FE-F279-4FEC-92C5-5CF2653FBD66}.Debug|Any CPU.ActiveCfg = Debug|Any CPU
		{87FFC0FE-F279-4FEC-92C5-5CF2653FBD66}.Debug|Any CPU.Build.0 = Debug|Any CPU
		{87FFC0FE-F279-4FEC-92C5-5CF2653FBD66}.Release|Any CPU.ActiveCfg = Release|Any CPU
		{87FFC0FE-F279-4FEC-92C5-5CF2653FBD66}.Release|Any CPU.Build.0 = Release|Any CPU
		{05125AB4-4BC5-42B8-AE28-39B5FE395CBE}.Debug|Any CPU.ActiveCfg = Debug|Any CPU
		{05125AB4-4BC5-42B8-AE28-39B5FE395CBE}.Debug|Any CPU.Build.0 = Debug|Any CPU
		{05125AB4-4BC5-42B8-AE28-39B5FE395CBE}.Release|Any CPU.ActiveCfg = Release|Any CPU
		{05125AB4-4BC5-42B8-AE28-39B5FE395CBE}.Release|Any CPU.Build.0 = Release|Any CPU
		{5F119B49-43B4-4B28-BC0C-33A5A96004EF}.Debug|Any CPU.ActiveCfg = Debug|Any CPU
		{5F119B49-43B4-4B28-BC0C-33A5A96004EF}.Debug|Any CPU.Build.0 = Debug|Any CPU
		{5F119B49-43B4-4B28-BC0C-33A5A96004EF}.Release|Any CPU.ActiveCfg = Release|Any CPU
		{5F119B49-43B4-4B28-BC0C-33A5A96004EF}.Release|Any CPU.Build.0 = Release|Any CPU
		{73964AE5-0383-4E67-B85E-9A04D9C1CE2B}.Debug|Any CPU.ActiveCfg = Debug|Any CPU
		{73964AE5-0383-4E67-B85E-9A04D9C1CE2B}.Debug|Any CPU.Build.0 = Debug|Any CPU
		{73964AE5-0383-4E67-B85E-9A04D9C1CE2B}.Release|Any CPU.ActiveCfg = Release|Any CPU
		{73964AE5-0383-4E67-B85E-9A04D9C1CE2B}.Release|Any CPU.Build.0 = Release|Any CPU
		{B5465252-526D-4906-8679-7256D732C518}.Debug|Any CPU.ActiveCfg = Debug|Any CPU
		{B5465252-526D-4906-8679-7256D732C518}.Debug|Any CPU.Build.0 = Debug|Any CPU
		{B5465252-526D-4906-8679-7256D732C518}.Release|Any CPU.ActiveCfg = Release|Any CPU
		{B5465252-526D-4906-8679-7256D732C518}.Release|Any CPU.Build.0 = Release|Any CPU
		{8A3FE8C4-D1A4-4EC4-BF68-9FC6E18B6428}.Debug|Any CPU.ActiveCfg = Debug|Any CPU
		{8A3FE8C4-D1A4-4EC4-BF68-9FC6E18B6428}.Debug|Any CPU.Build.0 = Debug|Any CPU
		{8A3FE8C4-D1A4-4EC4-BF68-9FC6E18B6428}.Release|Any CPU.ActiveCfg = Release|Any CPU
		{8A3FE8C4-D1A4-4EC4-BF68-9FC6E18B6428}.Release|Any CPU.Build.0 = Release|Any CPU
		{4621713D-6492-4CB0-AD29-5056F5356868}.Debug|Any CPU.ActiveCfg = Debug|Any CPU
		{4621713D-6492-4CB0-AD29-5056F5356868}.Debug|Any CPU.Build.0 = Debug|Any CPU
		{4621713D-6492-4CB0-AD29-5056F5356868}.Release|Any CPU.ActiveCfg = Release|Any CPU
		{4621713D-6492-4CB0-AD29-5056F5356868}.Release|Any CPU.Build.0 = Release|Any CPU
		{53567E73-C52D-40E1-92C3-A5C56022765F}.Debug|Any CPU.ActiveCfg = Debug|Any CPU
		{53567E73-C52D-40E1-92C3-A5C56022765F}.Debug|Any CPU.Build.0 = Debug|Any CPU
		{53567E73-C52D-40E1-92C3-A5C56022765F}.Release|Any CPU.ActiveCfg = Release|Any CPU
		{53567E73-C52D-40E1-92C3-A5C56022765F}.Release|Any CPU.Build.0 = Release|Any CPU
		{D23A5F41-0366-4898-A10B-4A04A98351D3}.Debug|Any CPU.ActiveCfg = Debug|Any CPU
		{D23A5F41-0366-4898-A10B-4A04A98351D3}.Debug|Any CPU.Build.0 = Debug|Any CPU
		{D23A5F41-0366-4898-A10B-4A04A98351D3}.Release|Any CPU.ActiveCfg = Release|Any CPU
		{D23A5F41-0366-4898-A10B-4A04A98351D3}.Release|Any CPU.Build.0 = Release|Any CPU
		{60950668-0625-4588-BDE7-B3F8BF4C1162}.Debug|Any CPU.ActiveCfg = Debug|Any CPU
		{60950668-0625-4588-BDE7-B3F8BF4C1162}.Debug|Any CPU.Build.0 = Debug|Any CPU
		{60950668-0625-4588-BDE7-B3F8BF4C1162}.Release|Any CPU.ActiveCfg = Release|Any CPU
		{60950668-0625-4588-BDE7-B3F8BF4C1162}.Release|Any CPU.Build.0 = Release|Any CPU
		{24F6AEEC-EF4A-4026-B9E3-D742B58EE968}.Debug|Any CPU.ActiveCfg = Debug|Any CPU
		{24F6AEEC-EF4A-4026-B9E3-D742B58EE968}.Debug|Any CPU.Build.0 = Debug|Any CPU
		{24F6AEEC-EF4A-4026-B9E3-D742B58EE968}.Release|Any CPU.ActiveCfg = Release|Any CPU
		{24F6AEEC-EF4A-4026-B9E3-D742B58EE968}.Release|Any CPU.Build.0 = Release|Any CPU
	EndGlobalSection
	GlobalSection(SolutionProperties) = preSolution
		HideSolutionNode = FALSE
	EndGlobalSection
	GlobalSection(ExtensibilityGlobals) = postSolution
		SolutionGuid = {25BD04E7-C90D-4663-B1BB-8070A7A0BE0E}
	EndGlobalSection
EndGlobal
