
Microsoft Visual Studio Solution File, Format Version 12.00
# Visual Studio Version 17
VisualStudioVersion = 17.3.32922.545
MinimumVisualStudioVersion = 10.0.40219.1
Project("{FAE04EC0-301F-11D3-BF4B-00C04F79EFBC}") = "01. Match Full Name", "01. Match Full Name\01. Match Full Name.csproj", "{005741F7-9424-4D71-948A-F0A4752FCC32}"
EndProject
Project("{FAE04EC0-301F-11D3-BF4B-00C04F79EFBC}") = "2. Match Phone Number", "2. Match Phone Number\2. Match Phone Number.csproj", "{1AEB08AA-E4B6-4926-82D7-CA68D709D5F7}"
EndProject
Project("{FAE04EC0-301F-11D3-BF4B-00C04F79EFBC}") = "03. Match Dates", "03. Match Dates\03. Match Dates.csproj", "{E3032055-D51D-4146-AAC1-40C977B34D0C}"
EndProject
Global
	GlobalSection(SolutionConfigurationPlatforms) = preSolution
		Debug|Any CPU = Debug|Any CPU
		Release|Any CPU = Release|Any CPU
	EndGlobalSection
	GlobalSection(ProjectConfigurationPlatforms) = postSolution
		{005741F7-9424-4D71-948A-F0A4752FCC32}.Debug|Any CPU.ActiveCfg = Debug|Any CPU
		{005741F7-9424-4D71-948A-F0A4752FCC32}.Debug|Any CPU.Build.0 = Debug|Any CPU
		{005741F7-9424-4D71-948A-F0A4752FCC32}.Release|Any CPU.ActiveCfg = Release|Any CPU
		{005741F7-9424-4D71-948A-F0A4752FCC32}.Release|Any CPU.Build.0 = Release|Any CPU
		{1AEB08AA-E4B6-4926-82D7-CA68D709D5F7}.Debug|Any CPU.ActiveCfg = Debug|Any CPU
		{1AEB08AA-E4B6-4926-82D7-CA68D709D5F7}.Debug|Any CPU.Build.0 = Debug|Any CPU
		{1AEB08AA-E4B6-4926-82D7-CA68D709D5F7}.Release|Any CPU.ActiveCfg = Release|Any CPU
		{1AEB08AA-E4B6-4926-82D7-CA68D709D5F7}.Release|Any CPU.Build.0 = Release|Any CPU
		{E3032055-D51D-4146-AAC1-40C977B34D0C}.Debug|Any CPU.ActiveCfg = Debug|Any CPU
		{E3032055-D51D-4146-AAC1-40C977B34D0C}.Debug|Any CPU.Build.0 = Debug|Any CPU
		{E3032055-D51D-4146-AAC1-40C977B34D0C}.Release|Any CPU.ActiveCfg = Release|Any CPU
		{E3032055-D51D-4146-AAC1-40C977B34D0C}.Release|Any CPU.Build.0 = Release|Any CPU
	EndGlobalSection
	GlobalSection(SolutionProperties) = preSolution
		HideSolutionNode = FALSE
	EndGlobalSection
	GlobalSection(ExtensibilityGlobals) = postSolution
		SolutionGuid = {20155F1B-0826-477F-972A-959689B17295}
	EndGlobalSection
EndGlobal
