
Microsoft Visual Studio Solution File, Format Version 12.00
# Visual Studio Version 17
VisualStudioVersion = 17.3.32922.545
MinimumVisualStudioVersion = 10.0.40219.1
Project("{9A19103F-16F7-4668-BE54-9A1E7A4F7556}") = "01. Smallest of Three Numbers", "01. Smallest of Three Numbers\01. Smallest of Three Numbers.csproj", "{D499FDAB-9257-4D66-89BF-CA8F0830CE9B}"
EndProject
Project("{9A19103F-16F7-4668-BE54-9A1E7A4F7556}") = "02. Vowels Count", "02. Vowels Count\02. Vowels Count.csproj", "{3DEE6FA5-9539-411D-829F-9AAC5AFE6FF8}"
EndProject
Project("{9A19103F-16F7-4668-BE54-9A1E7A4F7556}") = "03. Characters in Range", "03. Characters in Range\03. Characters in Range.csproj", "{1E19C24F-E4FC-4A51-AC50-9A0D02FFB472}"
EndProject
Project("{9A19103F-16F7-4668-BE54-9A1E7A4F7556}") = "04. Password Validator", "04. Password Validator\04. Password Validator.csproj", "{8655C7BF-849F-4FE7-AF9F-003E2190F899}"
EndProject
Project("{9A19103F-16F7-4668-BE54-9A1E7A4F7556}") = "05. Add and Subtract", "05. Add and Subtract\05. Add and Subtract.csproj", "{37316D71-8A18-4B9F-A867-3D66E225F7BF}"
EndProject
Project("{9A19103F-16F7-4668-BE54-9A1E7A4F7556}") = "06. Middle Characters", "06. Middle Characters\06. Middle Characters.csproj", "{01BA550E-4B93-45D1-8558-CFBD63593744}"
EndProject
Project("{9A19103F-16F7-4668-BE54-9A1E7A4F7556}") = "07. NxN Matrix", "07. NxN Matrix\07. NxN Matrix.csproj", "{D9A86EDB-B0C4-44CA-BC48-B92BE6F8CC81}"
EndProject
Project("{9A19103F-16F7-4668-BE54-9A1E7A4F7556}") = "08. Factorial Division", "08. Factorial Division\08. Factorial Division.csproj", "{10346021-BC65-4F78-B9E0-9DA4BC26B028}"
EndProject
Project("{FAE04EC0-301F-11D3-BF4B-00C04F79EFBC}") = "09. Palindrome Integers", "09. Palindrome Integers\09. Palindrome Integers.csproj", "{25AC6B0B-1A74-4F6D-8488-069228B8C25E}"
EndProject
Project("{FAE04EC0-301F-11D3-BF4B-00C04F79EFBC}") = "10. Top Number", "10. Top Number\10. Top Number.csproj", "{445424B2-2307-4DD0-9810-C8E6C8D42B51}"
EndProject
Project("{FAE04EC0-301F-11D3-BF4B-00C04F79EFBC}") = "11. Array Manipulator", "11. Array Manipulator\11. Array Manipulator.csproj", "{A60F08B2-9CFD-4256-9450-0AF9CCD92B0C}"
EndProject
Global
	GlobalSection(SolutionConfigurationPlatforms) = preSolution
		Debug|Any CPU = Debug|Any CPU
		Release|Any CPU = Release|Any CPU
	EndGlobalSection
	GlobalSection(ProjectConfigurationPlatforms) = postSolution
		{D499FDAB-9257-4D66-89BF-CA8F0830CE9B}.Debug|Any CPU.ActiveCfg = Debug|Any CPU
		{D499FDAB-9257-4D66-89BF-CA8F0830CE9B}.Debug|Any CPU.Build.0 = Debug|Any CPU
		{D499FDAB-9257-4D66-89BF-CA8F0830CE9B}.Release|Any CPU.ActiveCfg = Release|Any CPU
		{D499FDAB-9257-4D66-89BF-CA8F0830CE9B}.Release|Any CPU.Build.0 = Release|Any CPU
		{3DEE6FA5-9539-411D-829F-9AAC5AFE6FF8}.Debug|Any CPU.ActiveCfg = Debug|Any CPU
		{3DEE6FA5-9539-411D-829F-9AAC5AFE6FF8}.Debug|Any CPU.Build.0 = Debug|Any CPU
		{3DEE6FA5-9539-411D-829F-9AAC5AFE6FF8}.Release|Any CPU.ActiveCfg = Release|Any CPU
		{3DEE6FA5-9539-411D-829F-9AAC5AFE6FF8}.Release|Any CPU.Build.0 = Release|Any CPU
		{1E19C24F-E4FC-4A51-AC50-9A0D02FFB472}.Debug|Any CPU.ActiveCfg = Debug|Any CPU
		{1E19C24F-E4FC-4A51-AC50-9A0D02FFB472}.Debug|Any CPU.Build.0 = Debug|Any CPU
		{1E19C24F-E4FC-4A51-AC50-9A0D02FFB472}.Release|Any CPU.ActiveCfg = Release|Any CPU
		{1E19C24F-E4FC-4A51-AC50-9A0D02FFB472}.Release|Any CPU.Build.0 = Release|Any CPU
		{8655C7BF-849F-4FE7-AF9F-003E2190F899}.Debug|Any CPU.ActiveCfg = Debug|Any CPU
		{8655C7BF-849F-4FE7-AF9F-003E2190F899}.Debug|Any CPU.Build.0 = Debug|Any CPU
		{8655C7BF-849F-4FE7-AF9F-003E2190F899}.Release|Any CPU.ActiveCfg = Release|Any CPU
		{8655C7BF-849F-4FE7-AF9F-003E2190F899}.Release|Any CPU.Build.0 = Release|Any CPU
		{37316D71-8A18-4B9F-A867-3D66E225F7BF}.Debug|Any CPU.ActiveCfg = Debug|Any CPU
		{37316D71-8A18-4B9F-A867-3D66E225F7BF}.Debug|Any CPU.Build.0 = Debug|Any CPU
		{37316D71-8A18-4B9F-A867-3D66E225F7BF}.Release|Any CPU.ActiveCfg = Release|Any CPU
		{37316D71-8A18-4B9F-A867-3D66E225F7BF}.Release|Any CPU.Build.0 = Release|Any CPU
		{01BA550E-4B93-45D1-8558-CFBD63593744}.Debug|Any CPU.ActiveCfg = Debug|Any CPU
		{01BA550E-4B93-45D1-8558-CFBD63593744}.Debug|Any CPU.Build.0 = Debug|Any CPU
		{01BA550E-4B93-45D1-8558-CFBD63593744}.Release|Any CPU.ActiveCfg = Release|Any CPU
		{01BA550E-4B93-45D1-8558-CFBD63593744}.Release|Any CPU.Build.0 = Release|Any CPU
		{D9A86EDB-B0C4-44CA-BC48-B92BE6F8CC81}.Debug|Any CPU.ActiveCfg = Debug|Any CPU
		{D9A86EDB-B0C4-44CA-BC48-B92BE6F8CC81}.Debug|Any CPU.Build.0 = Debug|Any CPU
		{D9A86EDB-B0C4-44CA-BC48-B92BE6F8CC81}.Release|Any CPU.ActiveCfg = Release|Any CPU
		{D9A86EDB-B0C4-44CA-BC48-B92BE6F8CC81}.Release|Any CPU.Build.0 = Release|Any CPU
		{10346021-BC65-4F78-B9E0-9DA4BC26B028}.Debug|Any CPU.ActiveCfg = Debug|Any CPU
		{10346021-BC65-4F78-B9E0-9DA4BC26B028}.Debug|Any CPU.Build.0 = Debug|Any CPU
		{10346021-BC65-4F78-B9E0-9DA4BC26B028}.Release|Any CPU.ActiveCfg = Release|Any CPU
		{10346021-BC65-4F78-B9E0-9DA4BC26B028}.Release|Any CPU.Build.0 = Release|Any CPU
		{25AC6B0B-1A74-4F6D-8488-069228B8C25E}.Debug|Any CPU.ActiveCfg = Debug|Any CPU
		{25AC6B0B-1A74-4F6D-8488-069228B8C25E}.Debug|Any CPU.Build.0 = Debug|Any CPU
		{25AC6B0B-1A74-4F6D-8488-069228B8C25E}.Release|Any CPU.ActiveCfg = Release|Any CPU
		{25AC6B0B-1A74-4F6D-8488-069228B8C25E}.Release|Any CPU.Build.0 = Release|Any CPU
		{445424B2-2307-4DD0-9810-C8E6C8D42B51}.Debug|Any CPU.ActiveCfg = Debug|Any CPU
		{445424B2-2307-4DD0-9810-C8E6C8D42B51}.Debug|Any CPU.Build.0 = Debug|Any CPU
		{445424B2-2307-4DD0-9810-C8E6C8D42B51}.Release|Any CPU.ActiveCfg = Release|Any CPU
		{445424B2-2307-4DD0-9810-C8E6C8D42B51}.Release|Any CPU.Build.0 = Release|Any CPU
		{A60F08B2-9CFD-4256-9450-0AF9CCD92B0C}.Debug|Any CPU.ActiveCfg = Debug|Any CPU
		{A60F08B2-9CFD-4256-9450-0AF9CCD92B0C}.Debug|Any CPU.Build.0 = Debug|Any CPU
		{A60F08B2-9CFD-4256-9450-0AF9CCD92B0C}.Release|Any CPU.ActiveCfg = Release|Any CPU
		{A60F08B2-9CFD-4256-9450-0AF9CCD92B0C}.Release|Any CPU.Build.0 = Release|Any CPU
	EndGlobalSection
	GlobalSection(SolutionProperties) = preSolution
		HideSolutionNode = FALSE
	EndGlobalSection
	GlobalSection(ExtensibilityGlobals) = postSolution
		SolutionGuid = {3718C5A5-C7DB-429A-88D3-CEEA0A190D9E}
	EndGlobalSection
EndGlobal
