
Microsoft Visual Studio Solution File, Format Version 12.00
# Visual Studio Version 17
VisualStudioVersion = 17.3.32901.215
MinimumVisualStudioVersion = 10.0.40219.1
Project("{9A19103F-16F7-4668-BE54-9A1E7A4F7556}") = "01. Student Information", "01. Student Information\01. Student Information.csproj", "{2ED83556-571B-4EE4-9E0B-EA663504D994}"
EndProject
Project("{9A19103F-16F7-4668-BE54-9A1E7A4F7556}") = "02. Passed", "02. Passed\02. Passed.csproj", "{5B4BBE48-CE90-4D90-B6E2-449F45E19C1E}"
EndProject
Project("{9A19103F-16F7-4668-BE54-9A1E7A4F7556}") = "03. Passed or Failed", "03. Passed or Failed\03. Passed or Failed.csproj", "{942F75F8-B97D-477B-994E-23BE8940087A}"
EndProject
Project("{9A19103F-16F7-4668-BE54-9A1E7A4F7556}") = "04. Back In 30 Minutes", "04. Back In 30 Minutes\04. Back In 30 Minutes.csproj", "{0281978D-7987-4914-BB3A-59E742DAAC36}"
EndProject
Project("{9A19103F-16F7-4668-BE54-9A1E7A4F7556}") = "05. Month Printer", "05. Month Printer\05. Month Printer.csproj", "{ED053EC7-F23D-4618-95C0-B51240BAE074}"
EndProject
Project("{9A19103F-16F7-4668-BE54-9A1E7A4F7556}") = "06. Foreign Languages", "06. Foreign Languages\06. Foreign Languages.csproj", "{9D1F35B4-0EC5-45F6-9D69-528B1B104974}"
EndProject
Project("{9A19103F-16F7-4668-BE54-9A1E7A4F7556}") = "07. Theatre Promotion", "07. Theatre Promotion\07. Theatre Promotion.csproj", "{807D728E-E503-4E62-9B9D-FB9BB5E10A76}"
EndProject
Project("{9A19103F-16F7-4668-BE54-9A1E7A4F7556}") = "08. Divisible by 3", "08. Divisible by 3\08. Divisible by 3.csproj", "{9ADC93F6-DC43-4BBB-9A99-A85F8FEB5E21}"
EndProject
Project("{9A19103F-16F7-4668-BE54-9A1E7A4F7556}") = "09. Sum of Odd Numbers", "09. Sum of Odd Numbers\09. Sum of Odd Numbers.csproj", "{FB0CD644-44A3-4FC1-A13F-909887DCB5CF}"
EndProject
Project("{9A19103F-16F7-4668-BE54-9A1E7A4F7556}") = "10. Multiplication Table", "10. Multiplication Table\10. Multiplication Table.csproj", "{4F211D68-07DE-4F4E-894C-7D6FE2B0CBE1}"
EndProject
Project("{9A19103F-16F7-4668-BE54-9A1E7A4F7556}") = "11. Multiplication Table 2.0", "11. Multiplication Table 2.0\11. Multiplication Table 2.0.csproj", "{24BFC0DD-AE39-425E-A915-DAB885261ED3}"
EndProject
Project("{9A19103F-16F7-4668-BE54-9A1E7A4F7556}") = "12. Even Number", "12. Even Number\12. Even Number.csproj", "{9716F1B1-CB89-4BFF-81B2-FAE15D28EE5E}"
EndProject
Project("{FAE04EC0-301F-11D3-BF4B-00C04F79EFBC}") = "13. Holidays Between Two Dates", "13. Holidays Between Two Dates\13. Holidays Between Two Dates.csproj", "{B0DD6E87-BE69-4B2A-A1CA-BB6751184D5C}"
EndProject
Global
	GlobalSection(SolutionConfigurationPlatforms) = preSolution
		Debug|Any CPU = Debug|Any CPU
		Release|Any CPU = Release|Any CPU
	EndGlobalSection
	GlobalSection(ProjectConfigurationPlatforms) = postSolution
		{2ED83556-571B-4EE4-9E0B-EA663504D994}.Debug|Any CPU.ActiveCfg = Debug|Any CPU
		{2ED83556-571B-4EE4-9E0B-EA663504D994}.Debug|Any CPU.Build.0 = Debug|Any CPU
		{2ED83556-571B-4EE4-9E0B-EA663504D994}.Release|Any CPU.ActiveCfg = Release|Any CPU
		{2ED83556-571B-4EE4-9E0B-EA663504D994}.Release|Any CPU.Build.0 = Release|Any CPU
		{5B4BBE48-CE90-4D90-B6E2-449F45E19C1E}.Debug|Any CPU.ActiveCfg = Debug|Any CPU
		{5B4BBE48-CE90-4D90-B6E2-449F45E19C1E}.Debug|Any CPU.Build.0 = Debug|Any CPU
		{5B4BBE48-CE90-4D90-B6E2-449F45E19C1E}.Release|Any CPU.ActiveCfg = Release|Any CPU
		{5B4BBE48-CE90-4D90-B6E2-449F45E19C1E}.Release|Any CPU.Build.0 = Release|Any CPU
		{942F75F8-B97D-477B-994E-23BE8940087A}.Debug|Any CPU.ActiveCfg = Debug|Any CPU
		{942F75F8-B97D-477B-994E-23BE8940087A}.Debug|Any CPU.Build.0 = Debug|Any CPU
		{942F75F8-B97D-477B-994E-23BE8940087A}.Release|Any CPU.ActiveCfg = Release|Any CPU
		{942F75F8-B97D-477B-994E-23BE8940087A}.Release|Any CPU.Build.0 = Release|Any CPU
		{0281978D-7987-4914-BB3A-59E742DAAC36}.Debug|Any CPU.ActiveCfg = Debug|Any CPU
		{0281978D-7987-4914-BB3A-59E742DAAC36}.Debug|Any CPU.Build.0 = Debug|Any CPU
		{0281978D-7987-4914-BB3A-59E742DAAC36}.Release|Any CPU.ActiveCfg = Release|Any CPU
		{0281978D-7987-4914-BB3A-59E742DAAC36}.Release|Any CPU.Build.0 = Release|Any CPU
		{ED053EC7-F23D-4618-95C0-B51240BAE074}.Debug|Any CPU.ActiveCfg = Debug|Any CPU
		{ED053EC7-F23D-4618-95C0-B51240BAE074}.Debug|Any CPU.Build.0 = Debug|Any CPU
		{ED053EC7-F23D-4618-95C0-B51240BAE074}.Release|Any CPU.ActiveCfg = Release|Any CPU
		{ED053EC7-F23D-4618-95C0-B51240BAE074}.Release|Any CPU.Build.0 = Release|Any CPU
		{9D1F35B4-0EC5-45F6-9D69-528B1B104974}.Debug|Any CPU.ActiveCfg = Debug|Any CPU
		{9D1F35B4-0EC5-45F6-9D69-528B1B104974}.Debug|Any CPU.Build.0 = Debug|Any CPU
		{9D1F35B4-0EC5-45F6-9D69-528B1B104974}.Release|Any CPU.ActiveCfg = Release|Any CPU
		{9D1F35B4-0EC5-45F6-9D69-528B1B104974}.Release|Any CPU.Build.0 = Release|Any CPU
		{807D728E-E503-4E62-9B9D-FB9BB5E10A76}.Debug|Any CPU.ActiveCfg = Debug|Any CPU
		{807D728E-E503-4E62-9B9D-FB9BB5E10A76}.Debug|Any CPU.Build.0 = Debug|Any CPU
		{807D728E-E503-4E62-9B9D-FB9BB5E10A76}.Release|Any CPU.ActiveCfg = Release|Any CPU
		{807D728E-E503-4E62-9B9D-FB9BB5E10A76}.Release|Any CPU.Build.0 = Release|Any CPU
		{9ADC93F6-DC43-4BBB-9A99-A85F8FEB5E21}.Debug|Any CPU.ActiveCfg = Debug|Any CPU
		{9ADC93F6-DC43-4BBB-9A99-A85F8FEB5E21}.Debug|Any CPU.Build.0 = Debug|Any CPU
		{9ADC93F6-DC43-4BBB-9A99-A85F8FEB5E21}.Release|Any CPU.ActiveCfg = Release|Any CPU
		{9ADC93F6-DC43-4BBB-9A99-A85F8FEB5E21}.Release|Any CPU.Build.0 = Release|Any CPU
		{FB0CD644-44A3-4FC1-A13F-909887DCB5CF}.Debug|Any CPU.ActiveCfg = Debug|Any CPU
		{FB0CD644-44A3-4FC1-A13F-909887DCB5CF}.Debug|Any CPU.Build.0 = Debug|Any CPU
		{FB0CD644-44A3-4FC1-A13F-909887DCB5CF}.Release|Any CPU.ActiveCfg = Release|Any CPU
		{FB0CD644-44A3-4FC1-A13F-909887DCB5CF}.Release|Any CPU.Build.0 = Release|Any CPU
		{4F211D68-07DE-4F4E-894C-7D6FE2B0CBE1}.Debug|Any CPU.ActiveCfg = Debug|Any CPU
		{4F211D68-07DE-4F4E-894C-7D6FE2B0CBE1}.Debug|Any CPU.Build.0 = Debug|Any CPU
		{4F211D68-07DE-4F4E-894C-7D6FE2B0CBE1}.Release|Any CPU.ActiveCfg = Release|Any CPU
		{4F211D68-07DE-4F4E-894C-7D6FE2B0CBE1}.Release|Any CPU.Build.0 = Release|Any CPU
		{24BFC0DD-AE39-425E-A915-DAB885261ED3}.Debug|Any CPU.ActiveCfg = Debug|Any CPU
		{24BFC0DD-AE39-425E-A915-DAB885261ED3}.Debug|Any CPU.Build.0 = Debug|Any CPU
		{24BFC0DD-AE39-425E-A915-DAB885261ED3}.Release|Any CPU.ActiveCfg = Release|Any CPU
		{24BFC0DD-AE39-425E-A915-DAB885261ED3}.Release|Any CPU.Build.0 = Release|Any CPU
		{9716F1B1-CB89-4BFF-81B2-FAE15D28EE5E}.Debug|Any CPU.ActiveCfg = Debug|Any CPU
		{9716F1B1-CB89-4BFF-81B2-FAE15D28EE5E}.Debug|Any CPU.Build.0 = Debug|Any CPU
		{9716F1B1-CB89-4BFF-81B2-FAE15D28EE5E}.Release|Any CPU.ActiveCfg = Release|Any CPU
		{9716F1B1-CB89-4BFF-81B2-FAE15D28EE5E}.Release|Any CPU.Build.0 = Release|Any CPU
		{B0DD6E87-BE69-4B2A-A1CA-BB6751184D5C}.Debug|Any CPU.ActiveCfg = Debug|Any CPU
		{B0DD6E87-BE69-4B2A-A1CA-BB6751184D5C}.Debug|Any CPU.Build.0 = Debug|Any CPU
		{B0DD6E87-BE69-4B2A-A1CA-BB6751184D5C}.Release|Any CPU.ActiveCfg = Release|Any CPU
		{B0DD6E87-BE69-4B2A-A1CA-BB6751184D5C}.Release|Any CPU.Build.0 = Release|Any CPU
	EndGlobalSection
	GlobalSection(SolutionProperties) = preSolution
		HideSolutionNode = FALSE
	EndGlobalSection
	GlobalSection(ExtensibilityGlobals) = postSolution
		SolutionGuid = {56C79874-5315-4656-90F1-05D5C866E38D}
	EndGlobalSection
EndGlobal
