
Microsoft Visual Studio Solution File, Format Version 12.00
# Visual Studio Version 17
VisualStudioVersion = 17.3.32922.545
MinimumVisualStudioVersion = 10.0.40219.1
Project("{FAE04EC0-301F-11D3-BF4B-00C04F79EFBC}") = "01. Randomize Words", "01. Randomize Words\01. Randomize Words.csproj", "{BB9FBAC0-D0B9-4F23-8CAC-53DB745BCB1C}"
EndProject
Project("{FAE04EC0-301F-11D3-BF4B-00C04F79EFBC}") = "2. Big Factorial", "2. Big Factorial\2. Big Factorial.csproj", "{15EDC497-4765-447C-A127-A1C682FDEF8C}"
EndProject
Project("{FAE04EC0-301F-11D3-BF4B-00C04F79EFBC}") = "3. Songs", "3. Songs\3. Songs.csproj", "{E089AEDB-60BF-4B4B-B46F-15EF34B38129}"
EndProject
Project("{FAE04EC0-301F-11D3-BF4B-00C04F79EFBC}") = "04. Students", "04. Students\04. Students.csproj", "{CC61E92C-14CF-4800-B995-29C252D7A134}"
EndProject
Project("{FAE04EC0-301F-11D3-BF4B-00C04F79EFBC}") = "05. Students 2.0", "05. Students 2.0\05. Students 2.0.csproj", "{293F8CD8-5F45-4BDB-B639-D51FD8DD0D54}"
EndProject
Project("{FAE04EC0-301F-11D3-BF4B-00C04F79EFBC}") = "06. Store Boxes", "06. Store Boxes\06. Store Boxes.csproj", "{DF2B7FB5-FD7F-4DC4-A9B6-A94ABEB41081}"
EndProject
Global
	GlobalSection(SolutionConfigurationPlatforms) = preSolution
		Debug|Any CPU = Debug|Any CPU
		Release|Any CPU = Release|Any CPU
	EndGlobalSection
	GlobalSection(ProjectConfigurationPlatforms) = postSolution
		{BB9FBAC0-D0B9-4F23-8CAC-53DB745BCB1C}.Debug|Any CPU.ActiveCfg = Debug|Any CPU
		{BB9FBAC0-D0B9-4F23-8CAC-53DB745BCB1C}.Debug|Any CPU.Build.0 = Debug|Any CPU
		{BB9FBAC0-D0B9-4F23-8CAC-53DB745BCB1C}.Release|Any CPU.ActiveCfg = Release|Any CPU
		{BB9FBAC0-D0B9-4F23-8CAC-53DB745BCB1C}.Release|Any CPU.Build.0 = Release|Any CPU
		{15EDC497-4765-447C-A127-A1C682FDEF8C}.Debug|Any CPU.ActiveCfg = Debug|Any CPU
		{15EDC497-4765-447C-A127-A1C682FDEF8C}.Debug|Any CPU.Build.0 = Debug|Any CPU
		{15EDC497-4765-447C-A127-A1C682FDEF8C}.Release|Any CPU.ActiveCfg = Release|Any CPU
		{15EDC497-4765-447C-A127-A1C682FDEF8C}.Release|Any CPU.Build.0 = Release|Any CPU
		{E089AEDB-60BF-4B4B-B46F-15EF34B38129}.Debug|Any CPU.ActiveCfg = Debug|Any CPU
		{E089AEDB-60BF-4B4B-B46F-15EF34B38129}.Debug|Any CPU.Build.0 = Debug|Any CPU
		{E089AEDB-60BF-4B4B-B46F-15EF34B38129}.Release|Any CPU.ActiveCfg = Release|Any CPU
		{E089AEDB-60BF-4B4B-B46F-15EF34B38129}.Release|Any CPU.Build.0 = Release|Any CPU
		{CC61E92C-14CF-4800-B995-29C252D7A134}.Debug|Any CPU.ActiveCfg = Debug|Any CPU
		{CC61E92C-14CF-4800-B995-29C252D7A134}.Debug|Any CPU.Build.0 = Debug|Any CPU
		{CC61E92C-14CF-4800-B995-29C252D7A134}.Release|Any CPU.ActiveCfg = Release|Any CPU
		{CC61E92C-14CF-4800-B995-29C252D7A134}.Release|Any CPU.Build.0 = Release|Any CPU
		{293F8CD8-5F45-4BDB-B639-D51FD8DD0D54}.Debug|Any CPU.ActiveCfg = Debug|Any CPU
		{293F8CD8-5F45-4BDB-B639-D51FD8DD0D54}.Debug|Any CPU.Build.0 = Debug|Any CPU
		{293F8CD8-5F45-4BDB-B639-D51FD8DD0D54}.Release|Any CPU.ActiveCfg = Release|Any CPU
		{293F8CD8-5F45-4BDB-B639-D51FD8DD0D54}.Release|Any CPU.Build.0 = Release|Any CPU
		{DF2B7FB5-FD7F-4DC4-A9B6-A94ABEB41081}.Debug|Any CPU.ActiveCfg = Debug|Any CPU
		{DF2B7FB5-FD7F-4DC4-A9B6-A94ABEB41081}.Debug|Any CPU.Build.0 = Debug|Any CPU
		{DF2B7FB5-FD7F-4DC4-A9B6-A94ABEB41081}.Release|Any CPU.ActiveCfg = Release|Any CPU
		{DF2B7FB5-FD7F-4DC4-A9B6-A94ABEB41081}.Release|Any CPU.Build.0 = Release|Any CPU
	EndGlobalSection
	GlobalSection(SolutionProperties) = preSolution
		HideSolutionNode = FALSE
	EndGlobalSection
	GlobalSection(ExtensibilityGlobals) = postSolution
		SolutionGuid = {69C63271-2E69-4E79-AC1E-5317E181CE62}
	EndGlobalSection
EndGlobal
